
Microsoft Visual Studio Solution File, Format Version 12.00
# Visual Studio Version 17
VisualStudioVersion = 17.9.34728.123
MinimumVisualStudioVersion = 10.0.40219.1
Project("{9A19103F-16F7-4668-BE54-9A1E7A4F7556}") = "NetBootcamp.API", "NetBootcamp.API\NetBootcamp.API.csproj", "{1B1E59D0-C476-40AB-A289-4262227D5D07}"
EndProject
Project("{FAE04EC0-301F-11D3-BF4B-00C04F79EFBC}") = "Bootcamp.Web", "Bootcamp.Web\Bootcamp.Web.csproj", "{B98A0960-DFCB-4F79-A7CB-7134DD95B928}"
EndProject
Project("{9A19103F-16F7-4668-BE54-9A1E7A4F7556}") = "bootcamp.Service", "bootcamp.Service\bootcamp.Service.csproj", "{BE578A8B-1A06-43E4-B4F1-10D86D81640B}"
EndProject
Project("{9A19103F-16F7-4668-BE54-9A1E7A4F7556}") = "Bootcamp.Repository", "Bootcamp.Repository\Bootcamp.Repository.csproj", "{DBC3DC73-C39B-401C-A51D-A20F90A59AA4}"
EndProject
Project("{2150E333-8FDC-42A3-9474-1A3956D46DE8}") = "NLayer", "NLayer", "{2670F062-AB7F-47B9-A1DF-80D9EDFB8AB8}"
EndProject
Project("{2150E333-8FDC-42A3-9474-1A3956D46DE8}") = "CleanArchitecture", "CleanArchitecture", "{2F84BB9E-1D23-4910-9E9E-B5F96EF783C5}"
EndProject
Project("{9A19103F-16F7-4668-BE54-9A1E7A4F7556}") = "Bootcamp.Domain", "Bootcamp.Domain\Bootcamp.Domain.csproj", "{C78DAA71-3CFE-4048-AD31-D1456CC1DF06}"
EndProject
Project("{9A19103F-16F7-4668-BE54-9A1E7A4F7556}") = "Bootcamp.ApplicationService", "Bootcamp.ApplicationService\Bootcamp.ApplicationService.csproj", "{5711A877-D7E1-41DC-A663-8AE6BF5726B8}"
EndProject
Project("{9A19103F-16F7-4668-BE54-9A1E7A4F7556}") = "Bootcamp.Repositories", "Bootcamp.Repositories\Bootcamp.Repositories.csproj", "{EACD0CBC-7FC3-4994-A7D2-2A92F04A5B8B}"
EndProject
Project("{9A19103F-16F7-4668-BE54-9A1E7A4F7556}") = "Bootcamp.API", "Bootcamp.API\Bootcamp.API.csproj", "{BC34F906-2927-4659-9448-898F0EB810CF}"
EndProject
Project("{FAE04EC0-301F-11D3-BF4B-00C04F79EFBC}") = "Bootcamp.Cache", "Bootcamp.Cache\Bootcamp.Cache.csproj", "{AA93D9CF-1CD0-4813-8953-4FF7C5C442CB}"
EndProject
Global
	GlobalSection(SolutionConfigurationPlatforms) = preSolution
		Debug|Any CPU = Debug|Any CPU
		Release|Any CPU = Release|Any CPU
	EndGlobalSection
	GlobalSection(ProjectConfigurationPlatforms) = postSolution
		{1B1E59D0-C476-40AB-A289-4262227D5D07}.Debug|Any CPU.ActiveCfg = Debug|Any CPU
		{1B1E59D0-C476-40AB-A289-4262227D5D07}.Debug|Any CPU.Build.0 = Debug|Any CPU
		{1B1E59D0-C476-40AB-A289-4262227D5D07}.Release|Any CPU.ActiveCfg = Release|Any CPU
		{1B1E59D0-C476-40AB-A289-4262227D5D07}.Release|Any CPU.Build.0 = Release|Any CPU
		{B98A0960-DFCB-4F79-A7CB-7134DD95B928}.Debug|Any CPU.ActiveCfg = Debug|Any CPU
		{B98A0960-DFCB-4F79-A7CB-7134DD95B928}.Debug|Any CPU.Build.0 = Debug|Any CPU
		{B98A0960-DFCB-4F79-A7CB-7134DD95B928}.Release|Any CPU.ActiveCfg = Release|Any CPU
		{B98A0960-DFCB-4F79-A7CB-7134DD95B928}.Release|Any CPU.Build.0 = Release|Any CPU
		{BE578A8B-1A06-43E4-B4F1-10D86D81640B}.Debug|Any CPU.ActiveCfg = Debug|Any CPU
		{BE578A8B-1A06-43E4-B4F1-10D86D81640B}.Debug|Any CPU.Build.0 = Debug|Any CPU
		{BE578A8B-1A06-43E4-B4F1-10D86D81640B}.Release|Any CPU.ActiveCfg = Release|Any CPU
		{BE578A8B-1A06-43E4-B4F1-10D86D81640B}.Release|Any CPU.Build.0 = Release|Any CPU
		{DBC3DC73-C39B-401C-A51D-A20F90A59AA4}.Debug|Any CPU.ActiveCfg = Debug|Any CPU
		{DBC3DC73-C39B-401C-A51D-A20F90A59AA4}.Debug|Any CPU.Build.0 = Debug|Any CPU
		{DBC3DC73-C39B-401C-A51D-A20F90A59AA4}.Release|Any CPU.ActiveCfg = Release|Any CPU
		{DBC3DC73-C39B-401C-A51D-A20F90A59AA4}.Release|Any CPU.Build.0 = Release|Any CPU
		{C78DAA71-3CFE-4048-AD31-D1456CC1DF06}.Debug|Any CPU.ActiveCfg = Debug|Any CPU
		{C78DAA71-3CFE-4048-AD31-D1456CC1DF06}.Debug|Any CPU.Build.0 = Debug|Any CPU
		{C78DAA71-3CFE-4048-AD31-D1456CC1DF06}.Release|Any CPU.ActiveCfg = Release|Any CPU
		{C78DAA71-3CFE-4048-AD31-D1456CC1DF06}.Release|Any CPU.Build.0 = Release|Any CPU
		{5711A877-D7E1-41DC-A663-8AE6BF5726B8}.Debug|Any CPU.ActiveCfg = Debug|Any CPU
		{5711A877-D7E1-41DC-A663-8AE6BF5726B8}.Debug|Any CPU.Build.0 = Debug|Any CPU
		{5711A877-D7E1-41DC-A663-8AE6BF5726B8}.Release|Any CPU.ActiveCfg = Release|Any CPU
		{5711A877-D7E1-41DC-A663-8AE6BF5726B8}.Release|Any CPU.Build.0 = Release|Any CPU
		{EACD0CBC-7FC3-4994-A7D2-2A92F04A5B8B}.Debug|Any CPU.ActiveCfg = Debug|Any CPU
		{EACD0CBC-7FC3-4994-A7D2-2A92F04A5B8B}.Debug|Any CPU.Build.0 = Debug|Any CPU
		{EACD0CBC-7FC3-4994-A7D2-2A92F04A5B8B}.Release|Any CPU.ActiveCfg = Release|Any CPU
		{EACD0CBC-7FC3-4994-A7D2-2A92F04A5B8B}.Release|Any CPU.Build.0 = Release|Any CPU
		{BC34F906-2927-4659-9448-898F0EB810CF}.Debug|Any CPU.ActiveCfg = Debug|Any CPU
		{BC34F906-2927-4659-9448-898F0EB810CF}.Debug|Any CPU.Build.0 = Debug|Any CPU
		{BC34F906-2927-4659-9448-898F0EB810CF}.Release|Any CPU.ActiveCfg = Release|Any CPU
		{BC34F906-2927-4659-9448-898F0EB810CF}.Release|Any CPU.Build.0 = Release|Any CPU
		{AA93D9CF-1CD0-4813-8953-4FF7C5C442CB}.Debug|Any CPU.ActiveCfg = Debug|Any CPU
		{AA93D9CF-1CD0-4813-8953-4FF7C5C442CB}.Debug|Any CPU.Build.0 = Debug|Any CPU
		{AA93D9CF-1CD0-4813-8953-4FF7C5C442CB}.Release|Any CPU.ActiveCfg = Release|Any CPU
		{AA93D9CF-1CD0-4813-8953-4FF7C5C442CB}.Release|Any CPU.Build.0 = Release|Any CPU
	EndGlobalSection
	GlobalSection(SolutionProperties) = preSolution
		HideSolutionNode = FALSE
	EndGlobalSection
	GlobalSection(NestedProjects) = preSolution
		{1B1E59D0-C476-40AB-A289-4262227D5D07} = {2670F062-AB7F-47B9-A1DF-80D9EDFB8AB8}
		{B98A0960-DFCB-4F79-A7CB-7134DD95B928} = {2670F062-AB7F-47B9-A1DF-80D9EDFB8AB8}
		{BE578A8B-1A06-43E4-B4F1-10D86D81640B} = {2670F062-AB7F-47B9-A1DF-80D9EDFB8AB8}
		{DBC3DC73-C39B-401C-A51D-A20F90A59AA4} = {2670F062-AB7F-47B9-A1DF-80D9EDFB8AB8}
		{C78DAA71-3CFE-4048-AD31-D1456CC1DF06} = {2F84BB9E-1D23-4910-9E9E-B5F96EF783C5}
		{5711A877-D7E1-41DC-A663-8AE6BF5726B8} = {2F84BB9E-1D23-4910-9E9E-B5F96EF783C5}
		{EACD0CBC-7FC3-4994-A7D2-2A92F04A5B8B} = {2F84BB9E-1D23-4910-9E9E-B5F96EF783C5}
		{BC34F906-2927-4659-9448-898F0EB810CF} = {2F84BB9E-1D23-4910-9E9E-B5F96EF783C5}
		{AA93D9CF-1CD0-4813-8953-4FF7C5C442CB} = {2F84BB9E-1D23-4910-9E9E-B5F96EF783C5}
	EndGlobalSection
	GlobalSection(ExtensibilityGlobals) = postSolution
		SolutionGuid = {6463AA0C-C744-47CD-80C0-32205576CD11}
	EndGlobalSection
EndGlobal
